
Microsoft Visual Studio Solution File, Format Version 12.00
# Visual Studio Version 16
VisualStudioVersion = 16.0.31729.503
MinimumVisualStudioVersion = 10.0.40219.1
Project("{FAE04EC0-301F-11D3-BF4B-00C04F79EFBC}") = "MartianRobots", "MartianRobots\MartianRobots.csproj", "{9028161E-CD67-4744-8474-7B73D268E7DF}"
EndProject
Global
	GlobalSection(SolutionConfigurationPlatforms) = preSolution
		Debug|Any CPU = Debug|Any CPU
		Release|Any CPU = Release|Any CPU
	EndGlobalSection
	GlobalSection(ProjectConfigurationPlatforms) = postSolution
		{9028161E-CD67-4744-8474-7B73D268E7DF}.Debug|Any CPU.ActiveCfg = Debug|Any CPU
		{9028161E-CD67-4744-8474-7B73D268E7DF}.Debug|Any CPU.Build.0 = Debug|Any CPU
		{9028161E-CD67-4744-8474-7B73D268E7DF}.Release|Any CPU.ActiveCfg = Release|Any CPU
		{9028161E-CD67-4744-8474-7B73D268E7DF}.Release|Any CPU.Build.0 = Release|Any CPU
	EndGlobalSection
	GlobalSection(SolutionProperties) = preSolution
		HideSolutionNode = FALSE
	EndGlobalSection
	GlobalSection(ExtensibilityGlobals) = postSolution
		SolutionGuid = {292C7573-7760-4507-98F8-8EBF35C09149}
	EndGlobalSection
EndGlobal
