
Microsoft Visual Studio Solution File, Format Version 12.00
# Visual Studio Version 16
VisualStudioVersion = 16.0.31729.503
MinimumVisualStudioVersion = 10.0.40219.1
Project("{9A19103F-16F7-4668-BE54-9A1E7A4F7556}") = "MartianRobots", "MartianRobots\MartianRobots.csproj", "{9028161E-CD67-4744-8474-7B73D268E7DF}"
EndProject
Project("{FAE04EC0-301F-11D3-BF4B-00C04F79EFBC}") = "MartianRobots.BL", "MartianRobots.BL\MartianRobots.BL.csproj", "{FA39D8A1-E568-4E42-8CC5-37E6C92D2D17}"
EndProject
Project("{FAE04EC0-301F-11D3-BF4B-00C04F79EFBC}") = "MartianRobots.Common", "MartianRobots.Models\MartianRobots.Common.csproj", "{3A943FEF-F504-4DFF-AF23-EABD6001DFCE}"
EndProject
Global
	GlobalSection(SolutionConfigurationPlatforms) = preSolution
		Debug|Any CPU = Debug|Any CPU
		Release|Any CPU = Release|Any CPU
	EndGlobalSection
	GlobalSection(ProjectConfigurationPlatforms) = postSolution
		{9028161E-CD67-4744-8474-7B73D268E7DF}.Debug|Any CPU.ActiveCfg = Debug|Any CPU
		{9028161E-CD67-4744-8474-7B73D268E7DF}.Debug|Any CPU.Build.0 = Debug|Any CPU
		{9028161E-CD67-4744-8474-7B73D268E7DF}.Release|Any CPU.ActiveCfg = Release|Any CPU
		{9028161E-CD67-4744-8474-7B73D268E7DF}.Release|Any CPU.Build.0 = Release|Any CPU
		{FA39D8A1-E568-4E42-8CC5-37E6C92D2D17}.Debug|Any CPU.ActiveCfg = Debug|Any CPU
		{FA39D8A1-E568-4E42-8CC5-37E6C92D2D17}.Debug|Any CPU.Build.0 = Debug|Any CPU
		{FA39D8A1-E568-4E42-8CC5-37E6C92D2D17}.Release|Any CPU.ActiveCfg = Release|Any CPU
		{FA39D8A1-E568-4E42-8CC5-37E6C92D2D17}.Release|Any CPU.Build.0 = Release|Any CPU
		{3A943FEF-F504-4DFF-AF23-EABD6001DFCE}.Debug|Any CPU.ActiveCfg = Debug|Any CPU
		{3A943FEF-F504-4DFF-AF23-EABD6001DFCE}.Debug|Any CPU.Build.0 = Debug|Any CPU
		{3A943FEF-F504-4DFF-AF23-EABD6001DFCE}.Release|Any CPU.ActiveCfg = Release|Any CPU
		{3A943FEF-F504-4DFF-AF23-EABD6001DFCE}.Release|Any CPU.Build.0 = Release|Any CPU
	EndGlobalSection
	GlobalSection(SolutionProperties) = preSolution
		HideSolutionNode = FALSE
	EndGlobalSection
	GlobalSection(ExtensibilityGlobals) = postSolution
		SolutionGuid = {292C7573-7760-4507-98F8-8EBF35C09149}
	EndGlobalSection
EndGlobal
